
Microsoft Visual Studio Solution File, Format Version 12.00
# Visual Studio 15
VisualStudioVersion = 15.0.27428.2011
MinimumVisualStudioVersion = 10.0.40219.1
Project("{FAE04EC0-301F-11D3-BF4B-00C04F79EFBC}") = "AspNetCoreWithEF6", "AspNetCoreWithEF6\AspNetCoreWithEF6.csproj", "{64AF1C00-9508-4674-A14A-110F5FB84F1C}"
EndProject
Project("{FAE04EC0-301F-11D3-BF4B-00C04F79EFBC}") = "PeopleData", "PeopleData\PeopleData.csproj", "{99E65008-CB73-41A8-A201-40707E274845}"
EndProject
Global
	GlobalSection(SolutionConfigurationPlatforms) = preSolution
		Debug|Any CPU = Debug|Any CPU
		Release|Any CPU = Release|Any CPU
	EndGlobalSection
	GlobalSection(ProjectConfigurationPlatforms) = postSolution
		{64AF1C00-9508-4674-A14A-110F5FB84F1C}.Debug|Any CPU.ActiveCfg = Debug|Any CPU
		{64AF1C00-9508-4674-A14A-110F5FB84F1C}.Debug|Any CPU.Build.0 = Debug|Any CPU
		{64AF1C00-9508-4674-A14A-110F5FB84F1C}.Release|Any CPU.ActiveCfg = Release|Any CPU
		{64AF1C00-9508-4674-A14A-110F5FB84F1C}.Release|Any CPU.Build.0 = Release|Any CPU
		{99E65008-CB73-41A8-A201-40707E274845}.Debug|Any CPU.ActiveCfg = Debug|Any CPU
		{99E65008-CB73-41A8-A201-40707E274845}.Debug|Any CPU.Build.0 = Debug|Any CPU
		{99E65008-CB73-41A8-A201-40707E274845}.Release|Any CPU.ActiveCfg = Release|Any CPU
		{99E65008-CB73-41A8-A201-40707E274845}.Release|Any CPU.Build.0 = Release|Any CPU
	EndGlobalSection
	GlobalSection(SolutionProperties) = preSolution
		HideSolutionNode = FALSE
	EndGlobalSection
	GlobalSection(ExtensibilityGlobals) = postSolution
		SolutionGuid = {12FA1CF8-8AAA-455E-9E8B-EDCFAD73A075}
	EndGlobalSection
EndGlobal
